
Microsoft Visual Studio Solution File, Format Version 12.00
# Visual Studio Version 17
VisualStudioVersion = 17.10.35027.167
MinimumVisualStudioVersion = 10.0.40219.1
Project("{FAE04EC0-301F-11D3-BF4B-00C04F79EFBC}") = "TTCD1-PVDA-2210900088-PJ2", "TTCD1-PVDA-2210900088-PJ2\TTCD1-PVDA-2210900088-PJ2.csproj", "{BB2BC9F0-1344-4093-99E8-DEB079FCFD41}"
EndProject
Global
	GlobalSection(SolutionConfigurationPlatforms) = preSolution
		Debug|Any CPU = Debug|Any CPU
		Release|Any CPU = Release|Any CPU
	EndGlobalSection
	GlobalSection(ProjectConfigurationPlatforms) = postSolution
		{BB2BC9F0-1344-4093-99E8-DEB079FCFD41}.Debug|Any CPU.ActiveCfg = Debug|Any CPU
		{BB2BC9F0-1344-4093-99E8-DEB079FCFD41}.Debug|Any CPU.Build.0 = Debug|Any CPU
		{BB2BC9F0-1344-4093-99E8-DEB079FCFD41}.Release|Any CPU.ActiveCfg = Release|Any CPU
		{BB2BC9F0-1344-4093-99E8-DEB079FCFD41}.Release|Any CPU.Build.0 = Release|Any CPU
	EndGlobalSection
	GlobalSection(SolutionProperties) = preSolution
		HideSolutionNode = FALSE
	EndGlobalSection
	GlobalSection(ExtensibilityGlobals) = postSolution
		SolutionGuid = {06BC3126-AD6B-4F99-BB95-5EC990A3177F}
	EndGlobalSection
EndGlobal
